
Microsoft Visual Studio Solution File, Format Version 12.00
# Visual Studio Version 17
VisualStudioVersion = 17.0.31919.166
MinimumVisualStudioVersion = 10.0.40219.1
Project("{FAE04EC0-301F-11D3-BF4B-00C04F79EFBC}") = "AccessModifiersDemo", "AccessModifiersDemo.csproj", "{4696C0E3-DBC3-4392-8632-4044754A0998}"
EndProject
Project("{FAE04EC0-301F-11D3-BF4B-00C04F79EFBC}") = "AccessModifiersOutside", "..\AccessModifiersOutside\AccessModifiersOutside.csproj", "{16CFC7FC-3354-48F9-BB2A-482A6443F6B9}"
EndProject
Global
	GlobalSection(SolutionConfigurationPlatforms) = preSolution
		Debug|Any CPU = Debug|Any CPU
		Release|Any CPU = Release|Any CPU
	EndGlobalSection
	GlobalSection(ProjectConfigurationPlatforms) = postSolution
		{4696C0E3-DBC3-4392-8632-4044754A0998}.Debug|Any CPU.ActiveCfg = Debug|Any CPU
		{4696C0E3-DBC3-4392-8632-4044754A0998}.Debug|Any CPU.Build.0 = Debug|Any CPU
		{4696C0E3-DBC3-4392-8632-4044754A0998}.Release|Any CPU.ActiveCfg = Release|Any CPU
		{4696C0E3-DBC3-4392-8632-4044754A0998}.Release|Any CPU.Build.0 = Release|Any CPU
		{16CFC7FC-3354-48F9-BB2A-482A6443F6B9}.Debug|Any CPU.ActiveCfg = Debug|Any CPU
		{16CFC7FC-3354-48F9-BB2A-482A6443F6B9}.Debug|Any CPU.Build.0 = Debug|Any CPU
		{16CFC7FC-3354-48F9-BB2A-482A6443F6B9}.Release|Any CPU.ActiveCfg = Release|Any CPU
		{16CFC7FC-3354-48F9-BB2A-482A6443F6B9}.Release|Any CPU.Build.0 = Release|Any CPU
	EndGlobalSection
	GlobalSection(SolutionProperties) = preSolution
		HideSolutionNode = FALSE
	EndGlobalSection
	GlobalSection(ExtensibilityGlobals) = postSolution
		SolutionGuid = {B868DE91-5F41-4EC9-9CDB-2549F66B206C}
	EndGlobalSection
EndGlobal
